
Microsoft Visual Studio Solution File, Format Version 12.00
# Visual Studio Version 17
VisualStudioVersion = 17.5.33414.496
MinimumVisualStudioVersion = 10.0.40219.1
Project("{FAE04EC0-301F-11D3-BF4B-00C04F79EFBC}") = "Lab3.Ex1", "Lab3.Ex1.csproj", "{376AF7CE-BF9E-4B7E-91A3-94BF250DF2CA}"
EndProject
Global
	GlobalSection(SolutionConfigurationPlatforms) = preSolution
		Debug|Any CPU = Debug|Any CPU
		Release|Any CPU = Release|Any CPU
	EndGlobalSection
	GlobalSection(ProjectConfigurationPlatforms) = postSolution
		{376AF7CE-BF9E-4B7E-91A3-94BF250DF2CA}.Debug|Any CPU.ActiveCfg = Debug|Any CPU
		{376AF7CE-BF9E-4B7E-91A3-94BF250DF2CA}.Debug|Any CPU.Build.0 = Debug|Any CPU
		{376AF7CE-BF9E-4B7E-91A3-94BF250DF2CA}.Release|Any CPU.ActiveCfg = Release|Any CPU
		{376AF7CE-BF9E-4B7E-91A3-94BF250DF2CA}.Release|Any CPU.Build.0 = Release|Any CPU
	EndGlobalSection
	GlobalSection(SolutionProperties) = preSolution
		HideSolutionNode = FALSE
	EndGlobalSection
	GlobalSection(ExtensibilityGlobals) = postSolution
		SolutionGuid = {5C22DC96-BBB5-40EE-BDE8-A53780CEA3CE}
	EndGlobalSection
EndGlobal
